{
	"name": "meu-primeiro-block",
	"version": "0.1.0",
	"lockfileVersion": 3,
	"requires": true,
	"packages": {
		"": {
			"name": "meu-primeiro-block",
			"version": "0.1.0",
			"license": "GPL-2.0-or-later",
			"dependencies": {
				"wp-scripts": "^0.0.1-security"
			}
		},
		"node_modules/wp-scripts": {
			"version": "0.0.1-security",
			"resolved": "https://registry.npmjs.org/wp-scripts/-/wp-scripts-0.0.1-security.tgz",
			"integrity": "sha512-SDBn44T8BZqfDT9ad+KpoFhzClEpBPtQD6AQUWWMFlB29OAIMg7c5dF4y7BtX/THCer1AqrqL8jxRXqsH/23BA=="
		}
	}
}
